<?xml version="1.0" encoding="utf-8"?>
<Project ToolsVersion="4.0" xmlns="http://schemas.microsoft.com/developer/msbuild/2003">
  <ItemGroup>
    <Filter Include="Source Files">
      <UniqueIdentifier>{4FC737F1-C7A5-4376-A066-2A32D752A2FF}</UniqueIdentifier>
      <Extensions>cpp;c;cc;cxx;c++;cppm;ixx;def;odl;idl;hpj;bat;asm;asmx</Extensions>
    </Filter>
    <Filter Include="Header Files">
      <UniqueIdentifier>{93995380-89BD-4b04-88EB-625FBE52EBFB}</UniqueIdentifier>
      <Extensions>h;hh;hpp;hxx;h++;hm;inl;inc;ipp;xsd</Extensions>
    </Filter>
    <Filter Include="Resource Files">
      <UniqueIdentifier>{67DA6AB6-F800-4c08-8B7A-83BB121AAD01}</UniqueIdentifier>
      <Extensions>rc;ico;cur;bmp;dlg;rc2;rct;bin;rgs;gif;jpg;jpeg;jpe;resx;tiff;tif;png;wav;mfcribbon-ms</Extensions>
    </Filter>
    <Filter Include="Header Files\TemplatedExample">
      <UniqueIdentifier>{8c0349d8-72e2-4e44-a399-4d4ae76a2027}</UniqueIdentifier>
    </Filter>
    <Filter Include="Source Files\TemplatedExample">
      <UniqueIdentifier>{e8040280-7356-475c-a51a-c98a037665ac}</UniqueIdentifier>
    </Filter>
    <Filter Include="Resource Files\Shader">
      <UniqueIdentifier>{4535fa7f-ae95-4cca-b90f-9e0ab5a28c1e}</UniqueIdentifier>
    </Filter>
    <Filter Include="Source Files\UnusedCode">
      <UniqueIdentifier>{1440e9ef-e9d5-4998-9dc6-94af2a6a9499}</UniqueIdentifier>
    </Filter>
    <Filter Include="Header Files\SceneComponents">
      <UniqueIdentifier>{c4758536-f5d7-4f19-b499-3afdaa645b7d}</UniqueIdentifier>
    </Filter>
    <Filter Include="Source Files\SceneComponents">
      <UniqueIdentifier>{355d7619-b862-4759-8828-37ae9855286b}</UniqueIdentifier>
    </Filter>
    <Filter Include="Header Files\Engine">
      <UniqueIdentifier>{e9b3d391-9191-4458-878e-1a70fdf906b9}</UniqueIdentifier>
    </Filter>
    <Filter Include="Header Files\Engine\GameObject">
      <UniqueIdentifier>{df292cc4-0516-4019-b768-aaf8d6d59dc4}</UniqueIdentifier>
    </Filter>
    <Filter Include="Header Files\Engine\Graphics">
      <UniqueIdentifier>{d4497b90-d243-4617-8b64-7ae9f8599837}</UniqueIdentifier>
    </Filter>
    <Filter Include="Header Files\Engine\Math">
      <UniqueIdentifier>{555f15c0-ba73-4a1b-99d1-6e9fad99f799}</UniqueIdentifier>
    </Filter>
    <Filter Include="Source Files\Engine">
      <UniqueIdentifier>{c5d7f5ce-d3b2-46e6-a8de-58ddcb6a0f0d}</UniqueIdentifier>
    </Filter>
    <Filter Include="Source Files\Engine\Math">
      <UniqueIdentifier>{89d6d90b-e9d9-4015-8307-2ca9dabf7356}</UniqueIdentifier>
    </Filter>
    <Filter Include="Source Files\Engine\GameObject">
      <UniqueIdentifier>{5a2ce9ae-8fc5-4df9-a780-632740ff3e48}</UniqueIdentifier>
    </Filter>
    <Filter Include="Source Files\Engine\Graphics">
      <UniqueIdentifier>{9d9db2b6-43df-4d0f-a65c-92e0e05a941f}</UniqueIdentifier>
    </Filter>
  </ItemGroup>
  <ItemGroup>
    <ClCompile Include="FALL2024.cpp">
      <Filter>Source Files</Filter>
    </ClCompile>
    <ClCompile Include="VectorTemplated.cpp">
      <Filter>Source Files\TemplatedExample</Filter>
    </ClCompile>
    <ClCompile Include="Transform.cpp">
      <Filter>Source Files\Engine\GameObject</Filter>
    </ClCompile>
    <ClCompile Include="Node.cpp">
      <Filter>Source Files\Engine\GameObject</Filter>
    </ClCompile>
    <ClCompile Include="Mesh.cpp">
      <Filter>Source Files\Engine\GameObject</Filter>
    </ClCompile>
    <ClCompile Include="ObjectMesh.cpp">
      <Filter>Source Files\Engine\GameObject</Filter>
    </ClCompile>
    <ClCompile Include="VAO.cpp">
      <Filter>Source Files\Engine\Graphics</Filter>
    </ClCompile>
    <ClCompile Include="VBO.cpp">
      <Filter>Source Files\Engine\Graphics</Filter>
    </ClCompile>
    <ClCompile Include="EBO.cpp">
      <Filter>Source Files\Engine\Graphics</Filter>
    </ClCompile>
    <ClCompile Include="Shader.cpp">
      <Filter>Source Files\Engine\Graphics</Filter>
    </ClCompile>
    <ClCompile Include="Renderer.cpp">
      <Filter>Source Files\Engine\Graphics</Filter>
    </ClCompile>
    <ClCompile Include="Assignment1Test.cpp">
      <Filter>Source Files\UnusedCode</Filter>
    </ClCompile>
    <ClCompile Include="Vector4.cpp">
      <Filter>Source Files\Engine\Math</Filter>
    </ClCompile>
    <ClCompile Include="GameWindow.cpp">
      <Filter>Source Files\Engine\Graphics</Filter>
    </ClCompile>
    <ClCompile Include="Camera.cpp">
      <Filter>Source Files\SceneComponents</Filter>
    </ClCompile>
    <ClCompile Include="Scene.cpp">
      <Filter>Source Files\SceneComponents</Filter>
    </ClCompile>
    <ClCompile Include="Triangle.cpp">
      <Filter>Source Files\Engine\GameObject</Filter>
    </ClCompile>
    <ClCompile Include="RotatingObject.cpp">
      <Filter>Source Files</Filter>
    </ClCompile>
    <ClCompile Include="Square.cpp">
      <Filter>Source Files\Engine\GameObject</Filter>
    </ClCompile>
    <ClCompile Include="Texture.cpp">
      <Filter>Source Files\Engine\Graphics</Filter>
    </ClCompile>
    <ClCompile Include="stb.cpp">
      <Filter>Source Files\Engine</Filter>
    </ClCompile>
  </ItemGroup>
  <ItemGroup>
    <ClInclude Include="VectorTemplated.h">
      <Filter>Header Files\TemplatedExample</Filter>
    </ClInclude>
    <ClInclude Include="Transform.h">
      <Filter>Header Files\Engine\GameObject</Filter>
    </ClInclude>
    <ClInclude Include="Node.h">
      <Filter>Header Files\Engine\GameObject</Filter>
    </ClInclude>
    <ClInclude Include="Mesh.h">
      <Filter>Header Files\Engine\GameObject</Filter>
    </ClInclude>
    <ClInclude Include="ObjectMesh.h">
      <Filter>Header Files\Engine\GameObject</Filter>
    </ClInclude>
    <ClInclude Include="EBO.h">
      <Filter>Header Files\Engine\Graphics</Filter>
    </ClInclude>
    <ClInclude Include="VAO.h">
      <Filter>Header Files\Engine\Graphics</Filter>
    </ClInclude>
    <ClInclude Include="VBO.h">
      <Filter>Header Files\Engine\Graphics</Filter>
    </ClInclude>
    <ClInclude Include="Shader.h">
      <Filter>Header Files\Engine\Graphics</Filter>
    </ClInclude>
    <ClInclude Include="Matrix4.h">
      <Filter>Header Files\Engine\Math</Filter>
    </ClInclude>
    <ClInclude Include="Matrix4_impl.h">
      <Filter>Header Files\Engine\Math</Filter>
    </ClInclude>
    <ClInclude Include="Vector3.h">
      <Filter>Header Files\Engine\Math</Filter>
    </ClInclude>
    <ClInclude Include="Renderer.h">
      <Filter>Header Files\Engine\Graphics</Filter>
    </ClInclude>
    <ClInclude Include="GameWindow.h">
      <Filter>Header Files\Engine\Graphics</Filter>
    </ClInclude>
    <ClInclude Include="Camera.h">
      <Filter>Header Files\SceneComponents</Filter>
    </ClInclude>
    <ClInclude Include="Scene.h">
      <Filter>Header Files\SceneComponents</Filter>
    </ClInclude>
    <ClInclude Include="Triangle.h">
      <Filter>Header Files\Engine\GameObject</Filter>
    </ClInclude>
    <ClInclude Include="RotatingObject.h">
      <Filter>Header Files</Filter>
    </ClInclude>
    <ClInclude Include="Square.h">
      <Filter>Header Files\Engine\GameObject</Filter>
    </ClInclude>
    <ClInclude Include="Texture.h">
      <Filter>Header Files\Engine\Graphics</Filter>
    </ClInclude>
  </ItemGroup>
  <ItemGroup>
    <None Include="default.vert">
      <Filter>Resource Files\Shader</Filter>
    </None>
    <None Include="default.frag">
      <Filter>Resource Files\Shader</Filter>
    </None>
  </ItemGroup>
</Project>